<Solution>
  <Project Path="SRDemo.csproj" />
  <Project Path="Assembly-CSharp.csproj" />
  <Project Path="SREditor-Editor.csproj" />
  <Project Path="FMODUnityResonanceEditor.csproj" />
  <Project Path="FMODUnityEditor.csproj" />
  <Project Path="Assembly-CSharp-firstpass.csproj" />
  <Project Path="FMODUnity.csproj" />
  <Project Path="FMODUnityHaptics.csproj" />
  <Project Path="GoogleMobileAds.Editor.csproj" />
  <Project Path="SREditor.csproj" />
  <Project Path="FMODUnityResonance.csproj" />
  <Project Path="Assembly-CSharp-Editor.csproj" />
  <Project Path="SRDemo-Editor.csproj" />
  <Project Path="NewTest.csproj" />
</Solution>
